
Microsoft Visual Studio Solution File, Format Version 12.00
# Visual Studio Version 16
VisualStudioVersion = 16.0.31729.503
MinimumVisualStudioVersion = 10.0.40219.1
Project("{FAE04EC0-301F-11D3-BF4B-00C04F79EFBC}") = "Dynamics365", "Dynamics365\Dynamics365.csproj", "{9AE2C8CD-5A73-42CE-8F58-32538A53F467}"
EndProject
Global
	GlobalSection(SolutionConfigurationPlatforms) = preSolution
		Debug|Any CPU = Debug|Any CPU
		Release|Any CPU = Release|Any CPU
	EndGlobalSection
	GlobalSection(ProjectConfigurationPlatforms) = postSolution
		{9AE2C8CD-5A73-42CE-8F58-32538A53F467}.Debug|Any CPU.ActiveCfg = Debug|Any CPU
		{9AE2C8CD-5A73-42CE-8F58-32538A53F467}.Debug|Any CPU.Build.0 = Debug|Any CPU
		{9AE2C8CD-5A73-42CE-8F58-32538A53F467}.Release|Any CPU.ActiveCfg = Release|Any CPU
		{9AE2C8CD-5A73-42CE-8F58-32538A53F467}.Release|Any CPU.Build.0 = Release|Any CPU
	EndGlobalSection
	GlobalSection(SolutionProperties) = preSolution
		HideSolutionNode = FALSE
	EndGlobalSection
	GlobalSection(ExtensibilityGlobals) = postSolution
		SolutionGuid = {35F0F90E-C8FB-42F3-B447-810948F1BD5E}
	EndGlobalSection
EndGlobal
